// !$*UTF8*$!
{
	archiveVersion = 1;
	classes = {
	};
	objectVersion = 46;
	objects = {

/* Begin PBXBuildFile section */
		00973BCF1F0B2D8F0007A73A /* main.m in Sources */ = {isa = PBXBuildFile; fileRef = 00973BCE1F0B2D8F0007A73A /* main.m */; };
		00973BD21F0B2D900007A73A /* AppDelegate.m in Sources */ = {isa = PBXBuildFile; fileRef = 00973BD11F0B2D900007A73A /* AppDelegate.m */; };
		00973BD51F0B2D900007A73A /* ViewController.m in Sources */ = {isa = PBXBuildFile; fileRef = 00973BD41F0B2D900007A73A /* ViewController.m */; };
		00973BD81F0B2D900007A73A /* Main.storyboard in Resources */ = {isa = PBXBuildFile; fileRef = 00973BD61F0B2D900007A73A /* Main.storyboard */; };
		00973BDA1F0B2D900007A73A /* Assets.xcassets in Resources */ = {isa = PBXBuildFile; fileRef = 00973BD91F0B2D900007A73A /* Assets.xcassets */; };
		00973BDD1F0B2D900007A73A /* LaunchScreen.storyboard in Resources */ = {isa = PBXBuildFile; fileRef = 00973BDB1F0B2D900007A73A /* LaunchScreen.storyboard */; };
		00973BE81F0B2D900007A73A /* LZCommonToolsDemoTests.m in Sources */ = {isa = PBXBuildFile; fileRef = 00973BE71F0B2D900007A73A /* LZCommonToolsDemoTests.m */; };
		00973C461F0B30D80007A73A /* NSString+SizeUtil.m in Sources */ = {isa = PBXBuildFile; fileRef = 00973C2D1F0B30D80007A73A /* NSString+SizeUtil.m */; };
		00973C471F0B30D80007A73A /* UIBarButtonItem+BackEXtension.m in Sources */ = {isa = PBXBuildFile; fileRef = 00973C2F1F0B30D80007A73A /* UIBarButtonItem+BackEXtension.m */; };
		00973C481F0B30D80007A73A /* UIButton+Category.m in Sources */ = {isa = PBXBuildFile; fileRef = 00973C311F0B30D80007A73A /* UIButton+Category.m */; };
		00973C491F0B30D80007A73A /* UIButton+CountDown.m in Sources */ = {isa = PBXBuildFile; fileRef = 00973C331F0B30D80007A73A /* UIButton+CountDown.m */; };
		00973C4A1F0B30D80007A73A /* UIColor+Hex.m in Sources */ = {isa = PBXBuildFile; fileRef = 00973C351F0B30D80007A73A /* UIColor+Hex.m */; };
		00973C4B1F0B30D80007A73A /* UIImage+EX.m in Sources */ = {isa = PBXBuildFile; fileRef = 00973C371F0B30D80007A73A /* UIImage+EX.m */; };
		00973C4C1F0B30D80007A73A /* UILabel+LineOffset.m in Sources */ = {isa = PBXBuildFile; fileRef = 00973C391F0B30D80007A73A /* UILabel+LineOffset.m */; };
		00973C4D1F0B30D80007A73A /* UIView+BorderLine.m in Sources */ = {isa = PBXBuildFile; fileRef = 00973C3B1F0B30D80007A73A /* UIView+BorderLine.m */; };
		00973C4E1F0B30D80007A73A /* UIView+EX.m in Sources */ = {isa = PBXBuildFile; fileRef = 00973C3D1F0B30D80007A73A /* UIView+EX.m */; };
		00973C4F1F0B30D80007A73A /* UIViewController+ShowAlert.m in Sources */ = {isa = PBXBuildFile; fileRef = 00973C3F1F0B30D80007A73A /* UIViewController+ShowAlert.m */; };
		00973C501F0B30D80007A73A /* HMCommonFunctions.m in Sources */ = {isa = PBXBuildFile; fileRef = 00973C421F0B30D80007A73A /* HMCommonFunctions.m */; };
		00973C511F0B30D80007A73A /* HMValidateFuncs.m in Sources */ = {isa = PBXBuildFile; fileRef = 00973C441F0B30D80007A73A /* HMValidateFuncs.m */; };
/* End PBXBuildFile section */

/* Begin PBXContainerItemProxy section */
		00973BE41F0B2D900007A73A /* PBXContainerItemProxy */ = {
			isa = PBXContainerItemProxy;
			containerPortal = 00973BC21F0B2D8F0007A73A /* Project object */;
			proxyType = 1;
			remoteGlobalIDString = 00973BC91F0B2D8F0007A73A;
			remoteInfo = LZCommonToolsDemo;
		};
/* End PBXContainerItemProxy section */

/* Begin PBXFileReference section */
		00973BCA1F0B2D8F0007A73A /* LZCommonToolsDemo.app */ = {isa = PBXFileReference; explicitFileType = wrapper.application; includeInIndex = 0; path = LZCommonToolsDemo.app; sourceTree = BUILT_PRODUCTS_DIR; };
		00973BCE1F0B2D8F0007A73A /* main.m */ = {isa = PBXFileReference; lastKnownFileType = sourcecode.c.objc; path = main.m; sourceTree = "<group>"; };
		00973BD01F0B2D8F0007A73A /* AppDelegate.h */ = {isa = PBXFileReference; lastKnownFileType = sourcecode.c.h; path = AppDelegate.h; sourceTree = "<group>"; };
		00973BD11F0B2D900007A73A /* AppDelegate.m */ = {isa = PBXFileReference; lastKnownFileType = sourcecode.c.objc; path = AppDelegate.m; sourceTree = "<group>"; };
		00973BD31F0B2D900007A73A /* ViewController.h */ = {isa = PBXFileReference; lastKnownFileType = sourcecode.c.h; path = ViewController.h; sourceTree = "<group>"; };
		00973BD41F0B2D900007A73A /* ViewController.m */ = {isa = PBXFileReference; lastKnownFileType = sourcecode.c.objc; path = ViewController.m; sourceTree = "<group>"; };
		00973BD71F0B2D900007A73A /* Base */ = {isa = PBXFileReference; lastKnownFileType = file.storyboard; name = Base; path = Base.lproj/Main.storyboard; sourceTree = "<group>"; };
		00973BD91F0B2D900007A73A /* Assets.xcassets */ = {isa = PBXFileReference; lastKnownFileType = folder.assetcatalog; path = Assets.xcassets; sourceTree = "<group>"; };
		00973BDC1F0B2D900007A73A /* Base */ = {isa = PBXFileReference; lastKnownFileType = file.storyboard; name = Base; path = Base.lproj/LaunchScreen.storyboard; sourceTree = "<group>"; };
		00973BDE1F0B2D900007A73A /* Info.plist */ = {isa = PBXFileReference; lastKnownFileType = text.plist.xml; path = Info.plist; sourceTree = "<group>"; };
		00973BE31F0B2D900007A73A /* LZCommonToolsDemoTests.xctest */ = {isa = PBXFileReference; explicitFileType = wrapper.cfbundle; includeInIndex = 0; path = LZCommonToolsDemoTests.xctest; sourceTree = BUILT_PRODUCTS_DIR; };
		00973BE71F0B2D900007A73A /* LZCommonToolsDemoTests.m */ = {isa = PBXFileReference; lastKnownFileType = sourcecode.c.objc; path = LZCommonToolsDemoTests.m; sourceTree = "<group>"; };
		00973BE91F0B2D900007A73A /* Info.plist */ = {isa = PBXFileReference; lastKnownFileType = text.plist.xml; path = Info.plist; sourceTree = "<group>"; };
		00973C2C1F0B30D80007A73A /* NSString+SizeUtil.h */ = {isa = PBXFileReference; fileEncoding = 4; lastKnownFileType = sourcecode.c.h; path = "NSString+SizeUtil.h"; sourceTree = "<group>"; };
		00973C2D1F0B30D80007A73A /* NSString+SizeUtil.m */ = {isa = PBXFileReference; fileEncoding = 4; lastKnownFileType = sourcecode.c.objc; path = "NSString+SizeUtil.m"; sourceTree = "<group>"; };
		00973C2E1F0B30D80007A73A /* UIBarButtonItem+BackEXtension.h */ = {isa = PBXFileReference; fileEncoding = 4; lastKnownFileType = sourcecode.c.h; path = "UIBarButtonItem+BackEXtension.h"; sourceTree = "<group>"; };
		00973C2F1F0B30D80007A73A /* UIBarButtonItem+BackEXtension.m */ = {isa = PBXFileReference; fileEncoding = 4; lastKnownFileType = sourcecode.c.objc; path = "UIBarButtonItem+BackEXtension.m"; sourceTree = "<group>"; };
		00973C301F0B30D80007A73A /* UIButton+Category.h */ = {isa = PBXFileReference; fileEncoding = 4; lastKnownFileType = sourcecode.c.h; path = "UIButton+Category.h"; sourceTree = "<group>"; };
		00973C311F0B30D80007A73A /* UIButton+Category.m */ = {isa = PBXFileReference; fileEncoding = 4; lastKnownFileType = sourcecode.c.objc; path = "UIButton+Category.m"; sourceTree = "<group>"; };
		00973C321F0B30D80007A73A /* UIButton+CountDown.h */ = {isa = PBXFileReference; fileEncoding = 4; lastKnownFileType = sourcecode.c.h; path = "UIButton+CountDown.h"; sourceTree = "<group>"; };
		00973C331F0B30D80007A73A /* UIButton+CountDown.m */ = {isa = PBXFileReference; fileEncoding = 4; lastKnownFileType = sourcecode.c.objc; path = "UIButton+CountDown.m"; sourceTree = "<group>"; };
		00973C341F0B30D80007A73A /* UIColor+Hex.h */ = {isa = PBXFileReference; fileEncoding = 4; lastKnownFileType = sourcecode.c.h; path = "UIColor+Hex.h"; sourceTree = "<group>"; };
		00973C351F0B30D80007A73A /* UIColor+Hex.m */ = {isa = PBXFileReference; fileEncoding = 4; lastKnownFileType = sourcecode.c.objc; path = "UIColor+Hex.m"; sourceTree = "<group>"; };
		00973C361F0B30D80007A73A /* UIImage+EX.h */ = {isa = PBXFileReference; fileEncoding = 4; lastKnownFileType = sourcecode.c.h; path = "UIImage+EX.h"; sourceTree = "<group>"; };
		00973C371F0B30D80007A73A /* UIImage+EX.m */ = {isa = PBXFileReference; fileEncoding = 4; lastKnownFileType = sourcecode.c.objc; path = "UIImage+EX.m"; sourceTree = "<group>"; };
		00973C381F0B30D80007A73A /* UILabel+LineOffset.h */ = {isa = PBXFileReference; fileEncoding = 4; lastKnownFileType = sourcecode.c.h; path = "UILabel+LineOffset.h"; sourceTree = "<group>"; };
		00973C391F0B30D80007A73A /* UILabel+LineOffset.m */ = {isa = PBXFileReference; fileEncoding = 4; lastKnownFileType = sourcecode.c.objc; path = "UILabel+LineOffset.m"; sourceTree = "<group>"; };
		00973C3A1F0B30D80007A73A /* UIView+BorderLine.h */ = {isa = PBXFileReference; fileEncoding = 4; lastKnownFileType = sourcecode.c.h; path = "UIView+BorderLine.h"; sourceTree = "<group>"; };
		00973C3B1F0B30D80007A73A /* UIView+BorderLine.m */ = {isa = PBXFileReference; fileEncoding = 4; lastKnownFileType = sourcecode.c.objc; path = "UIView+BorderLine.m"; sourceTree = "<group>"; };
		00973C3C1F0B30D80007A73A /* UIView+EX.h */ = {isa = PBXFileReference; fileEncoding = 4; lastKnownFileType = sourcecode.c.h; path = "UIView+EX.h"; sourceTree = "<group>"; };
		00973C3D1F0B30D80007A73A /* UIView+EX.m */ = {isa = PBXFileReference; fileEncoding = 4; lastKnownFileType = sourcecode.c.objc; path = "UIView+EX.m"; sourceTree = "<group>"; };
		00973C3E1F0B30D80007A73A /* UIViewController+ShowAlert.h */ = {isa = PBXFileReference; fileEncoding = 4; lastKnownFileType = sourcecode.c.h; path = "UIViewController+ShowAlert.h"; sourceTree = "<group>"; };
		00973C3F1F0B30D80007A73A /* UIViewController+ShowAlert.m */ = {isa = PBXFileReference; fileEncoding = 4; lastKnownFileType = sourcecode.c.objc; path = "UIViewController+ShowAlert.m"; sourceTree = "<group>"; };
		00973C411F0B30D80007A73A /* HMCommonFunctions.h */ = {isa = PBXFileReference; fileEncoding = 4; lastKnownFileType = sourcecode.c.h; path = HMCommonFunctions.h; sourceTree = "<group>"; };
		00973C421F0B30D80007A73A /* HMCommonFunctions.m */ = {isa = PBXFileReference; fileEncoding = 4; lastKnownFileType = sourcecode.c.objc; path = HMCommonFunctions.m; sourceTree = "<group>"; };
		00973C431F0B30D80007A73A /* HMValidateFuncs.h */ = {isa = PBXFileReference; fileEncoding = 4; lastKnownFileType = sourcecode.c.h; path = HMValidateFuncs.h; sourceTree = "<group>"; };
		00973C441F0B30D80007A73A /* HMValidateFuncs.m */ = {isa = PBXFileReference; fileEncoding = 4; lastKnownFileType = sourcecode.c.objc; path = HMValidateFuncs.m; sourceTree = "<group>"; };
		00973C531F0B32640007A73A /* LZCommonTools.h */ = {isa = PBXFileReference; fileEncoding = 4; lastKnownFileType = sourcecode.c.h; path = LZCommonTools.h; sourceTree = "<group>"; };
/* End PBXFileReference section */

/* Begin PBXFrameworksBuildPhase section */
		00973BC71F0B2D8F0007A73A /* Frameworks */ = {
			isa = PBXFrameworksBuildPhase;
			buildActionMask = 2147483647;
			files = (
			);
			runOnlyForDeploymentPostprocessing = 0;
		};
		00973BE01F0B2D900007A73A /* Frameworks */ = {
			isa = PBXFrameworksBuildPhase;
			buildActionMask = 2147483647;
			files = (
			);
			runOnlyForDeploymentPostprocessing = 0;
		};
/* End PBXFrameworksBuildPhase section */

/* Begin PBXGroup section */
		00973BC11F0B2D8F0007A73A = {
			isa = PBXGroup;
			children = (
				00973BCC1F0B2D8F0007A73A /* LZCommonToolsDemo */,
				00973BE61F0B2D900007A73A /* LZCommonToolsDemoTests */,
				00973BCB1F0B2D8F0007A73A /* Products */,
			);
			sourceTree = "<group>";
		};
		00973BCB1F0B2D8F0007A73A /* Products */ = {
			isa = PBXGroup;
			children = (
				00973BCA1F0B2D8F0007A73A /* LZCommonToolsDemo.app */,
				00973BE31F0B2D900007A73A /* LZCommonToolsDemoTests.xctest */,
			);
			name = Products;
			sourceTree = "<group>";
		};
		00973BCC1F0B2D8F0007A73A /* LZCommonToolsDemo */ = {
			isa = PBXGroup;
			children = (
				00973C2A1F0B30D80007A73A /* CommonTools */,
				00973BD01F0B2D8F0007A73A /* AppDelegate.h */,
				00973BD11F0B2D900007A73A /* AppDelegate.m */,
				00973BD31F0B2D900007A73A /* ViewController.h */,
				00973BD41F0B2D900007A73A /* ViewController.m */,
				00973BD61F0B2D900007A73A /* Main.storyboard */,
				00973BD91F0B2D900007A73A /* Assets.xcassets */,
				00973BDB1F0B2D900007A73A /* LaunchScreen.storyboard */,
				00973BDE1F0B2D900007A73A /* Info.plist */,
				00973BCD1F0B2D8F0007A73A /* Supporting Files */,
			);
			path = LZCommonToolsDemo;
			sourceTree = "<group>";
		};
		00973BCD1F0B2D8F0007A73A /* Supporting Files */ = {
			isa = PBXGroup;
			children = (
				00973BCE1F0B2D8F0007A73A /* main.m */,
			);
			name = "Supporting Files";
			sourceTree = "<group>";
		};
		00973BE61F0B2D900007A73A /* LZCommonToolsDemoTests */ = {
			isa = PBXGroup;
			children = (
				00973BE71F0B2D900007A73A /* LZCommonToolsDemoTests.m */,
				00973BE91F0B2D900007A73A /* Info.plist */,
			);
			path = LZCommonToolsDemoTests;
			sourceTree = "<group>";
		};
		00973C2A1F0B30D80007A73A /* CommonTools */ = {
			isa = PBXGroup;
			children = (
				00973C531F0B32640007A73A /* LZCommonTools.h */,
				00973C2B1F0B30D80007A73A /* Category */,
				00973C401F0B30D80007A73A /* Common */,
			);
			path = CommonTools;
			sourceTree = "<group>";
		};
		00973C2B1F0B30D80007A73A /* Category */ = {
			isa = PBXGroup;
			children = (
				00973C2C1F0B30D80007A73A /* NSString+SizeUtil.h */,
				00973C2D1F0B30D80007A73A /* NSString+SizeUtil.m */,
				00973C2E1F0B30D80007A73A /* UIBarButtonItem+BackEXtension.h */,
				00973C2F1F0B30D80007A73A /* UIBarButtonItem+BackEXtension.m */,
				00973C301F0B30D80007A73A /* UIButton+Category.h */,
				00973C311F0B30D80007A73A /* UIButton+Category.m */,
				00973C321F0B30D80007A73A /* UIButton+CountDown.h */,
				00973C331F0B30D80007A73A /* UIButton+CountDown.m */,
				00973C341F0B30D80007A73A /* UIColor+Hex.h */,
				00973C351F0B30D80007A73A /* UIColor+Hex.m */,
				00973C361F0B30D80007A73A /* UIImage+EX.h */,
				00973C371F0B30D80007A73A /* UIImage+EX.m */,
				00973C381F0B30D80007A73A /* UILabel+LineOffset.h */,
				00973C391F0B30D80007A73A /* UILabel+LineOffset.m */,
				00973C3A1F0B30D80007A73A /* UIView+BorderLine.h */,
				00973C3B1F0B30D80007A73A /* UIView+BorderLine.m */,
				00973C3C1F0B30D80007A73A /* UIView+EX.h */,
				00973C3D1F0B30D80007A73A /* UIView+EX.m */,
				00973C3E1F0B30D80007A73A /* UIViewController+ShowAlert.h */,
				00973C3F1F0B30D80007A73A /* UIViewController+ShowAlert.m */,
			);
			path = Category;
			sourceTree = "<group>";
		};
		00973C401F0B30D80007A73A /* Common */ = {
			isa = PBXGroup;
			children = (
				00973C411F0B30D80007A73A /* HMCommonFunctions.h */,
				00973C421F0B30D80007A73A /* HMCommonFunctions.m */,
				00973C431F0B30D80007A73A /* HMValidateFuncs.h */,
				00973C441F0B30D80007A73A /* HMValidateFuncs.m */,
			);
			path = Common;
			sourceTree = "<group>";
		};
/* End PBXGroup section */

/* Begin PBXNativeTarget section */
		00973BC91F0B2D8F0007A73A /* LZCommonToolsDemo */ = {
			isa = PBXNativeTarget;
			buildConfigurationList = 00973BEC1F0B2D900007A73A /* Build configuration list for PBXNativeTarget "LZCommonToolsDemo" */;
			buildPhases = (
				00973BC61F0B2D8F0007A73A /* Sources */,
				00973BC71F0B2D8F0007A73A /* Frameworks */,
				00973BC81F0B2D8F0007A73A /* Resources */,
			);
			buildRules = (
			);
			dependencies = (
			);
			name = LZCommonToolsDemo;
			productName = LZCommonToolsDemo;
			productReference = 00973BCA1F0B2D8F0007A73A /* LZCommonToolsDemo.app */;
			productType = "com.apple.product-type.application";
		};
		00973BE21F0B2D900007A73A /* LZCommonToolsDemoTests */ = {
			isa = PBXNativeTarget;
			buildConfigurationList = 00973BEF1F0B2D900007A73A /* Build configuration list for PBXNativeTarget "LZCommonToolsDemoTests" */;
			buildPhases = (
				00973BDF1F0B2D900007A73A /* Sources */,
				00973BE01F0B2D900007A73A /* Frameworks */,
				00973BE11F0B2D900007A73A /* Resources */,
			);
			buildRules = (
			);
			dependencies = (
				00973BE51F0B2D900007A73A /* PBXTargetDependency */,
			);
			name = LZCommonToolsDemoTests;
			productName = LZCommonToolsDemoTests;
			productReference = 00973BE31F0B2D900007A73A /* LZCommonToolsDemoTests.xctest */;
			productType = "com.apple.product-type.bundle.unit-test";
		};
/* End PBXNativeTarget section */

/* Begin PBXProject section */
		00973BC21F0B2D8F0007A73A /* Project object */ = {
			isa = PBXProject;
			attributes = {
				LastUpgradeCheck = 0830;
				ORGANIZATIONNAME = lkl;
				TargetAttributes = {
					00973BC91F0B2D8F0007A73A = {
						CreatedOnToolsVersion = 8.3.2;
						ProvisioningStyle = Automatic;
					};
					00973BE21F0B2D900007A73A = {
						CreatedOnToolsVersion = 8.3.2;
						ProvisioningStyle = Automatic;
						TestTargetID = 00973BC91F0B2D8F0007A73A;
					};
				};
			};
			buildConfigurationList = 00973BC51F0B2D8F0007A73A /* Build configuration list for PBXProject "LZCommonToolsDemo" */;
			compatibilityVersion = "Xcode 3.2";
			developmentRegion = English;
			hasScannedForEncodings = 0;
			knownRegions = (
				en,
				Base,
			);
			mainGroup = 00973BC11F0B2D8F0007A73A;
			productRefGroup = 00973BCB1F0B2D8F0007A73A /* Products */;
			projectDirPath = "";
			projectRoot = "";
			targets = (
				00973BC91F0B2D8F0007A73A /* LZCommonToolsDemo */,
				00973BE21F0B2D900007A73A /* LZCommonToolsDemoTests */,
			);
		};
/* End PBXProject section */

/* Begin PBXResourcesBuildPhase section */
		00973BC81F0B2D8F0007A73A /* Resources */ = {
			isa = PBXResourcesBuildPhase;
			buildActionMask = 2147483647;
			files = (
				00973BDD1F0B2D900007A73A /* LaunchScreen.storyboard in Resources */,
				00973BDA1F0B2D900007A73A /* Assets.xcassets in Resources */,
				00973BD81F0B2D900007A73A /* Main.storyboard in Resources */,
			);
			runOnlyForDeploymentPostprocessing = 0;
		};
		00973BE11F0B2D900007A73A /* Resources */ = {
			isa = PBXResourcesBuildPhase;
			buildActionMask = 2147483647;
			files = (
			);
			runOnlyForDeploymentPostprocessing = 0;
		};
/* End PBXResourcesBuildPhase section */

/* Begin PBXSourcesBuildPhase section */
		00973BC61F0B2D8F0007A73A /* Sources */ = {
			isa = PBXSourcesBuildPhase;
			buildActionMask = 2147483647;
			files = (
				00973C4B1F0B30D80007A73A /* UIImage+EX.m in Sources */,
				00973C4C1F0B30D80007A73A /* UILabel+LineOffset.m in Sources */,
				00973C4D1F0B30D80007A73A /* UIView+BorderLine.m in Sources */,
				00973C501F0B30D80007A73A /* HMCommonFunctions.m in Sources */,
				00973C511F0B30D80007A73A /* HMValidateFuncs.m in Sources */,
				00973C4F1F0B30D80007A73A /* UIViewController+ShowAlert.m in Sources */,
				00973C471F0B30D80007A73A /* UIBarButtonItem+BackEXtension.m in Sources */,
				00973BD51F0B2D900007A73A /* ViewController.m in Sources */,
				00973BD21F0B2D900007A73A /* AppDelegate.m in Sources */,
				00973C481F0B30D80007A73A /* UIButton+Category.m in Sources */,
				00973C4E1F0B30D80007A73A /* UIView+EX.m in Sources */,
				00973C461F0B30D80007A73A /* NSString+SizeUtil.m in Sources */,
				00973C4A1F0B30D80007A73A /* UIColor+Hex.m in Sources */,
				00973BCF1F0B2D8F0007A73A /* main.m in Sources */,
				00973C491F0B30D80007A73A /* UIButton+CountDown.m in Sources */,
			);
			runOnlyForDeploymentPostprocessing = 0;
		};
		00973BDF1F0B2D900007A73A /* Sources */ = {
			isa = PBXSourcesBuildPhase;
			buildActionMask = 2147483647;
			files = (
				00973BE81F0B2D900007A73A /* LZCommonToolsDemoTests.m in Sources */,
			);
			runOnlyForDeploymentPostprocessing = 0;
		};
/* End PBXSourcesBuildPhase section */

/* Begin PBXTargetDependency section */
		00973BE51F0B2D900007A73A /* PBXTargetDependency */ = {
			isa = PBXTargetDependency;
			target = 00973BC91F0B2D8F0007A73A /* LZCommonToolsDemo */;
			targetProxy = 00973BE41F0B2D900007A73A /* PBXContainerItemProxy */;
		};
/* End PBXTargetDependency section */

/* Begin PBXVariantGroup section */
		00973BD61F0B2D900007A73A /* Main.storyboard */ = {
			isa = PBXVariantGroup;
			children = (
				00973BD71F0B2D900007A73A /* Base */,
			);
			name = Main.storyboard;
			sourceTree = "<group>";
		};
		00973BDB1F0B2D900007A73A /* LaunchScreen.storyboard */ = {
			isa = PBXVariantGroup;
			children = (
				00973BDC1F0B2D900007A73A /* Base */,
			);
			name = LaunchScreen.storyboard;
			sourceTree = "<group>";
		};
/* End PBXVariantGroup section */

/* Begin XCBuildConfiguration section */
		00973BEA1F0B2D900007A73A /* Debug */ = {
			isa = XCBuildConfiguration;
			buildSettings = {
				ALWAYS_SEARCH_USER_PATHS = NO;
				CLANG_ANALYZER_NONNULL = YES;
				CLANG_ANALYZER_NUMBER_OBJECT_CONVERSION = YES_AGGRESSIVE;
				CLANG_CXX_LANGUAGE_STANDARD = "gnu++0x";
				CLANG_CXX_LIBRARY = "libc++";
				CLANG_ENABLE_MODULES = YES;
				CLANG_ENABLE_OBJC_ARC = YES;
				CLANG_WARN_BOOL_CONVERSION = YES;
				CLANG_WARN_CONSTANT_CONVERSION = YES;
				CLANG_WARN_DIRECT_OBJC_ISA_USAGE = YES_ERROR;
				CLANG_WARN_DOCUMENTATION_COMMENTS = YES;
				CLANG_WARN_EMPTY_BODY = YES;
				CLANG_WARN_ENUM_CONVERSION = YES;
				CLANG_WARN_INFINITE_RECURSION = YES;
				CLANG_WARN_INT_CONVERSION = YES;
				CLANG_WARN_OBJC_ROOT_CLASS = YES_ERROR;
				CLANG_WARN_SUSPICIOUS_MOVE = YES;
				CLANG_WARN_UNREACHABLE_CODE = YES;
				CLANG_WARN__DUPLICATE_METHOD_MATCH = YES;
				"CODE_SIGN_IDENTITY[sdk=iphoneos*]" = "iPhone Developer";
				COPY_PHASE_STRIP = NO;
				DEBUG_INFORMATION_FORMAT = dwarf;
				ENABLE_STRICT_OBJC_MSGSEND = YES;
				ENABLE_TESTABILITY = YES;
				GCC_C_LANGUAGE_STANDARD = gnu99;
				GCC_DYNAMIC_NO_PIC = NO;
				GCC_NO_COMMON_BLOCKS = YES;
				GCC_OPTIMIZATION_LEVEL = 0;
				GCC_PREPROCESSOR_DEFINITIONS = (
					"DEBUG=1",
					"$(inherited)",
				);
				GCC_WARN_64_TO_32_BIT_CONVERSION = YES;
				GCC_WARN_ABOUT_RETURN_TYPE = YES_ERROR;
				GCC_WARN_UNDECLARED_SELECTOR = YES;
				GCC_WARN_UNINITIALIZED_AUTOS = YES_AGGRESSIVE;
				GCC_WARN_UNUSED_FUNCTION = YES;
				GCC_WARN_UNUSED_VARIABLE = YES;
				IPHONEOS_DEPLOYMENT_TARGET = 10.3;
				MTL_ENABLE_DEBUG_INFO = YES;
				ONLY_ACTIVE_ARCH = YES;
				SDKROOT = iphoneos;
				TARGETED_DEVICE_FAMILY = "1,2";
			};
			name = Debug;
		};
		00973BEB1F0B2D900007A73A /* Release */ = {
			isa = XCBuildConfiguration;
			buildSettings = {
				ALWAYS_SEARCH_USER_PATHS = NO;
				CLANG_ANALYZER_NONNULL = YES;
				CLANG_ANALYZER_NUMBER_OBJECT_CONVERSION = YES_AGGRESSIVE;
				CLANG_CXX_LANGUAGE_STANDARD = "gnu++0x";
				CLANG_CXX_LIBRARY = "libc++";
				CLANG_ENABLE_MODULES = YES;
				CLANG_ENABLE_OBJC_ARC = YES;
				CLANG_WARN_BOOL_CONVERSION = YES;
				CLANG_WARN_CONSTANT_CONVERSION = YES;
				CLANG_WARN_DIRECT_OBJC_ISA_USAGE = YES_ERROR;
				CLANG_WARN_DOCUMENTATION_COMMENTS = YES;
				CLANG_WARN_EMPTY_BODY = YES;
				CLANG_WARN_ENUM_CONVERSION = YES;
				CLANG_WARN_INFINITE_RECURSION = YES;
				CLANG_WARN_INT_CONVERSION = YES;
				CLANG_WARN_OBJC_ROOT_CLASS = YES_ERROR;
				CLANG_WARN_SUSPICIOUS_MOVE = YES;
				CLANG_WARN_UNREACHABLE_CODE = YES;
				CLANG_WARN__DUPLICATE_METHOD_MATCH = YES;
				"CODE_SIGN_IDENTITY[sdk=iphoneos*]" = "iPhone Developer";
				COPY_PHASE_STRIP = NO;
				DEBUG_INFORMATION_FORMAT = "dwarf-with-dsym";
				ENABLE_NS_ASSERTIONS = NO;
				ENABLE_STRICT_OBJC_MSGSEND = YES;
				GCC_C_LANGUAGE_STANDARD = gnu99;
				GCC_NO_COMMON_BLOCKS = YES;
				GCC_WARN_64_TO_32_BIT_CONVERSION = YES;
				GCC_WARN_ABOUT_RETURN_TYPE = YES_ERROR;
				GCC_WARN_UNDECLARED_SELECTOR = YES;
				GCC_WARN_UNINITIALIZED_AUTOS = YES_AGGRESSIVE;
				GCC_WARN_UNUSED_FUNCTION = YES;
				GCC_WARN_UNUSED_VARIABLE = YES;
				IPHONEOS_DEPLOYMENT_TARGET = 10.3;
				MTL_ENABLE_DEBUG_INFO = NO;
				SDKROOT = iphoneos;
				TARGETED_DEVICE_FAMILY = "1,2";
				VALIDATE_PRODUCT = YES;
			};
			name = Release;
		};
		00973BED1F0B2D900007A73A /* Debug */ = {
			isa = XCBuildConfiguration;
			buildSettings = {
				ASSETCATALOG_COMPILER_APPICON_NAME = AppIcon;
				INFOPLIST_FILE = LZCommonToolsDemo/Info.plist;
				LD_RUNPATH_SEARCH_PATHS = "$(inherited) @executable_path/Frameworks";
				PRODUCT_BUNDLE_IDENTIFIER = com.lkl.LZCommonToolsDemo;
				PRODUCT_NAME = "$(TARGET_NAME)";
			};
			name = Debug;
		};
		00973BEE1F0B2D900007A73A /* Release */ = {
			isa = XCBuildConfiguration;
			buildSettings = {
				ASSETCATALOG_COMPILER_APPICON_NAME = AppIcon;
				INFOPLIST_FILE = LZCommonToolsDemo/Info.plist;
				LD_RUNPATH_SEARCH_PATHS = "$(inherited) @executable_path/Frameworks";
				PRODUCT_BUNDLE_IDENTIFIER = com.lkl.LZCommonToolsDemo;
				PRODUCT_NAME = "$(TARGET_NAME)";
			};
			name = Release;
		};
		00973BF01F0B2D900007A73A /* Debug */ = {
			isa = XCBuildConfiguration;
			buildSettings = {
				BUNDLE_LOADER = "$(TEST_HOST)";
				INFOPLIST_FILE = LZCommonToolsDemoTests/Info.plist;
				LD_RUNPATH_SEARCH_PATHS = "$(inherited) @executable_path/Frameworks @loader_path/Frameworks";
				PRODUCT_BUNDLE_IDENTIFIER = com.lkl.LZCommonToolsDemoTests;
				PRODUCT_NAME = "$(TARGET_NAME)";
				TEST_HOST = "$(BUILT_PRODUCTS_DIR)/LZCommonToolsDemo.app/LZCommonToolsDemo";
			};
			name = Debug;
		};
		00973BF11F0B2D900007A73A /* Release */ = {
			isa = XCBuildConfiguration;
			buildSettings = {
				BUNDLE_LOADER = "$(TEST_HOST)";
				INFOPLIST_FILE = LZCommonToolsDemoTests/Info.plist;
				LD_RUNPATH_SEARCH_PATHS = "$(inherited) @executable_path/Frameworks @loader_path/Frameworks";
				PRODUCT_BUNDLE_IDENTIFIER = com.lkl.LZCommonToolsDemoTests;
				PRODUCT_NAME = "$(TARGET_NAME)";
				TEST_HOST = "$(BUILT_PRODUCTS_DIR)/LZCommonToolsDemo.app/LZCommonToolsDemo";
			};
			name = Release;
		};
/* End XCBuildConfiguration section */

/* Begin XCConfigurationList section */
		00973BC51F0B2D8F0007A73A /* Build configuration list for PBXProject "LZCommonToolsDemo" */ = {
			isa = XCConfigurationList;
			buildConfigurations = (
				00973BEA1F0B2D900007A73A /* Debug */,
				00973BEB1F0B2D900007A73A /* Release */,
			);
			defaultConfigurationIsVisible = 0;
			defaultConfigurationName = Release;
		};
		00973BEC1F0B2D900007A73A /* Build configuration list for PBXNativeTarget "LZCommonToolsDemo" */ = {
			isa = XCConfigurationList;
			buildConfigurations = (
				00973BED1F0B2D900007A73A /* Debug */,
				00973BEE1F0B2D900007A73A /* Release */,
			);
			defaultConfigurationIsVisible = 0;
			defaultConfigurationName = Release;
		};
		00973BEF1F0B2D900007A73A /* Build configuration list for PBXNativeTarget "LZCommonToolsDemoTests" */ = {
			isa = XCConfigurationList;
			buildConfigurations = (
				00973BF01F0B2D900007A73A /* Debug */,
				00973BF11F0B2D900007A73A /* Release */,
			);
			defaultConfigurationIsVisible = 0;
			defaultConfigurationName = Release;
		};
/* End XCConfigurationList section */
	};
	rootObject = 00973BC21F0B2D8F0007A73A /* Project object */;
}
